
Microsoft Visual Studio Solution File, Format Version 12.00
# Visual Studio Version 16
VisualStudioVersion = 16.0.32929.386
MinimumVisualStudioVersion = 10.0.40219.1
Project("{FAE04EC0-301F-11D3-BF4B-00C04F79EFBC}") = "WpfApp14", "WpfApp14\WpfApp14.csproj", "{B7457758-5026-4AC0-91FA-59AC324AEC94}"
EndProject
Global
	GlobalSection(SolutionConfigurationPlatforms) = preSolution
		Debug|Any CPU = Debug|Any CPU
		Release|Any CPU = Release|Any CPU
	EndGlobalSection
	GlobalSection(ProjectConfigurationPlatforms) = postSolution
		{B7457758-5026-4AC0-91FA-59AC324AEC94}.Debug|Any CPU.ActiveCfg = Debug|Any CPU
		{B7457758-5026-4AC0-91FA-59AC324AEC94}.Debug|Any CPU.Build.0 = Debug|Any CPU
		{B7457758-5026-4AC0-91FA-59AC324AEC94}.Release|Any CPU.ActiveCfg = Release|Any CPU
		{B7457758-5026-4AC0-91FA-59AC324AEC94}.Release|Any CPU.Build.0 = Release|Any CPU
	EndGlobalSection
	GlobalSection(SolutionProperties) = preSolution
		HideSolutionNode = FALSE
	EndGlobalSection
	GlobalSection(ExtensibilityGlobals) = postSolution
		SolutionGuid = {6C3FABFA-A0D6-484D-98B6-84456D7146CA}
	EndGlobalSection
EndGlobal
